
Microsoft Visual Studio Solution File, Format Version 12.00
# Visual Studio Version 16
VisualStudioVersion = 16.0.30907.101
MinimumVisualStudioVersion = 10.0.40219.1
Project("{FAE04EC0-301F-11D3-BF4B-00C04F79EFBC}") = "RakamIKProjesi", "RakamIKProjesi.csproj", "{BE9FEE3B-92AB-4296-98FD-C35AF4658651}"
EndProject
Project("{2150E333-8FDC-42A3-9474-1A3956D46DE8}") = "UnitTest", "UnitTest", "{3697201F-175D-42A8-9FE0-A34F9EE966FC}"
EndProject
Global
	GlobalSection(SolutionConfigurationPlatforms) = preSolution
		Debug|Any CPU = Debug|Any CPU
		Release|Any CPU = Release|Any CPU
	EndGlobalSection
	GlobalSection(ProjectConfigurationPlatforms) = postSolution
		{BE9FEE3B-92AB-4296-98FD-C35AF4658651}.Debug|Any CPU.ActiveCfg = Debug|Any CPU
		{BE9FEE3B-92AB-4296-98FD-C35AF4658651}.Debug|Any CPU.Build.0 = Debug|Any CPU
		{BE9FEE3B-92AB-4296-98FD-C35AF4658651}.Release|Any CPU.ActiveCfg = Release|Any CPU
		{BE9FEE3B-92AB-4296-98FD-C35AF4658651}.Release|Any CPU.Build.0 = Release|Any CPU
	EndGlobalSection
	GlobalSection(SolutionProperties) = preSolution
		HideSolutionNode = FALSE
	EndGlobalSection
	GlobalSection(ExtensibilityGlobals) = postSolution
		SolutionGuid = {916EF9E3-C29D-49F1-80EB-7AF0207047E0}
	EndGlobalSection
EndGlobal
